
Microsoft Visual Studio Solution File, Format Version 11.00
# Visual Studio 2010
Project("{FAE04EC0-301F-11D3-BF4B-00C04F79EFBC}") = "3D minesweeper - 5.6", "Assembly-CSharp.csproj", "{AD0268E3-8692-9F7F-7476-C9ABF4C4B5A7}"
EndProject
Project("{BDC7617F-90DF-FD99-4EFD-3898D3718272}") = "3D minesweeper - 5.6", "Assembly-UnityScript-Editor-firstpass.unityproj", "{088F86E0-B499-A94B-CB5B-B1E171AAEA7F}"
EndProject
Project("{FAE04EC0-301F-11D3-BF4B-00C04F79EFBC}") = "3D minesweeper - 5.6", "Assembly-CSharp-Editor.csproj", "{20018C6E-375C-BD5A-F7BA-1315DFCD41D6}"
EndProject
Global
	GlobalSection(SolutionConfigurationPlatforms) = preSolution
		Debug|Any CPU = Debug|Any CPU
		Release|Any CPU = Release|Any CPU
	EndGlobalSection
	GlobalSection(ProjectConfigurationPlatforms) = postSolution
		{AD0268E3-8692-9F7F-7476-C9ABF4C4B5A7}.Debug|Any CPU.ActiveCfg = Debug|Any CPU
		{AD0268E3-8692-9F7F-7476-C9ABF4C4B5A7}.Debug|Any CPU.Build.0 = Debug|Any CPU
		{AD0268E3-8692-9F7F-7476-C9ABF4C4B5A7}.Release|Any CPU.ActiveCfg = Release|Any CPU
		{AD0268E3-8692-9F7F-7476-C9ABF4C4B5A7}.Release|Any CPU.Build.0 = Release|Any CPU
		{088F86E0-B499-A94B-CB5B-B1E171AAEA7F}.Debug|Any CPU.ActiveCfg = Debug|Any CPU
		{088F86E0-B499-A94B-CB5B-B1E171AAEA7F}.Debug|Any CPU.Build.0 = Debug|Any CPU
		{088F86E0-B499-A94B-CB5B-B1E171AAEA7F}.Release|Any CPU.ActiveCfg = Release|Any CPU
		{088F86E0-B499-A94B-CB5B-B1E171AAEA7F}.Release|Any CPU.Build.0 = Release|Any CPU
		{20018C6E-375C-BD5A-F7BA-1315DFCD41D6}.Debug|Any CPU.ActiveCfg = Debug|Any CPU
		{20018C6E-375C-BD5A-F7BA-1315DFCD41D6}.Debug|Any CPU.Build.0 = Debug|Any CPU
		{20018C6E-375C-BD5A-F7BA-1315DFCD41D6}.Release|Any CPU.ActiveCfg = Release|Any CPU
		{20018C6E-375C-BD5A-F7BA-1315DFCD41D6}.Release|Any CPU.Build.0 = Release|Any CPU
	EndGlobalSection
	GlobalSection(SolutionProperties) = preSolution
		HideSolutionNode = FALSE
	EndGlobalSection
	GlobalSection(MonoDevelopProperties) = preSolution
		StartupItem = Assembly-CSharp.csproj
	EndGlobalSection
EndGlobal
